
Microsoft Visual Studio Solution File, Format Version 12.00
# Visual Studio Version 17
VisualStudioVersion = 17.8.34511.84
MinimumVisualStudioVersion = 10.0.40219.1
Project("{FAE04EC0-301F-11D3-BF4B-00C04F79EFBC}") = "Home.task1", "Home.task1.csproj", "{F74B972D-6718-4D19-B90F-DAB96F893ED5}"
EndProject
Global
	GlobalSection(SolutionConfigurationPlatforms) = preSolution
		Debug|Any CPU = Debug|Any CPU
		Release|Any CPU = Release|Any CPU
	EndGlobalSection
	GlobalSection(ProjectConfigurationPlatforms) = postSolution
		{F74B972D-6718-4D19-B90F-DAB96F893ED5}.Debug|Any CPU.ActiveCfg = Debug|Any CPU
		{F74B972D-6718-4D19-B90F-DAB96F893ED5}.Debug|Any CPU.Build.0 = Debug|Any CPU
		{F74B972D-6718-4D19-B90F-DAB96F893ED5}.Release|Any CPU.ActiveCfg = Release|Any CPU
		{F74B972D-6718-4D19-B90F-DAB96F893ED5}.Release|Any CPU.Build.0 = Release|Any CPU
	EndGlobalSection
	GlobalSection(SolutionProperties) = preSolution
		HideSolutionNode = FALSE
	EndGlobalSection
	GlobalSection(ExtensibilityGlobals) = postSolution
		SolutionGuid = {B3729DE0-1BE3-43D5-B7EB-DFB0613E14AE}
	EndGlobalSection
EndGlobal
